
Microsoft Visual Studio Solution File, Format Version 12.00
# Visual Studio Version 16
VisualStudioVersion = 16.0.29911.84
MinimumVisualStudioVersion = 10.0.40219.1
Project("{FAE04EC0-301F-11D3-BF4B-00C04F79EFBC}") = "InkWritingByCanvasDemo", "InkWritingByCanvasDemo\InkWritingByCanvasDemo.csproj", "{9718EAE2-EB2D-4242-981E-848936928274}"
EndProject
Project("{FAE04EC0-301F-11D3-BF4B-00C04F79EFBC}") = "InkWritingByStrokeDemo", "InkWritingByStrokeDemo\InkWritingByStrokeDemo.csproj", "{301EAD50-5927-4137-BFF5-A293656BD104}"
EndProject
Project("{FAE04EC0-301F-11D3-BF4B-00C04F79EFBC}") = "Framework.Utils", "Framework.Utils\Framework.Utils.csproj", "{28E6E762-BAC6-4D33-B601-284942DDF0E6}"
EndProject
Global
	GlobalSection(SolutionConfigurationPlatforms) = preSolution
		Debug|Any CPU = Debug|Any CPU
		Release|Any CPU = Release|Any CPU
	EndGlobalSection
	GlobalSection(ProjectConfigurationPlatforms) = postSolution
		{9718EAE2-EB2D-4242-981E-848936928274}.Debug|Any CPU.ActiveCfg = Debug|Any CPU
		{9718EAE2-EB2D-4242-981E-848936928274}.Debug|Any CPU.Build.0 = Debug|Any CPU
		{9718EAE2-EB2D-4242-981E-848936928274}.Release|Any CPU.ActiveCfg = Release|Any CPU
		{9718EAE2-EB2D-4242-981E-848936928274}.Release|Any CPU.Build.0 = Release|Any CPU
		{301EAD50-5927-4137-BFF5-A293656BD104}.Debug|Any CPU.ActiveCfg = Debug|Any CPU
		{301EAD50-5927-4137-BFF5-A293656BD104}.Debug|Any CPU.Build.0 = Debug|Any CPU
		{301EAD50-5927-4137-BFF5-A293656BD104}.Release|Any CPU.ActiveCfg = Release|Any CPU
		{301EAD50-5927-4137-BFF5-A293656BD104}.Release|Any CPU.Build.0 = Release|Any CPU
		{28E6E762-BAC6-4D33-B601-284942DDF0E6}.Debug|Any CPU.ActiveCfg = Debug|Any CPU
		{28E6E762-BAC6-4D33-B601-284942DDF0E6}.Debug|Any CPU.Build.0 = Debug|Any CPU
		{28E6E762-BAC6-4D33-B601-284942DDF0E6}.Release|Any CPU.ActiveCfg = Release|Any CPU
		{28E6E762-BAC6-4D33-B601-284942DDF0E6}.Release|Any CPU.Build.0 = Release|Any CPU
	EndGlobalSection
	GlobalSection(SolutionProperties) = preSolution
		HideSolutionNode = FALSE
	EndGlobalSection
	GlobalSection(ExtensibilityGlobals) = postSolution
		SolutionGuid = {0E99D8D0-1AE6-4E71-B049-D064ACD8A845}
	EndGlobalSection
EndGlobal
